
Microsoft Visual Studio Solution File, Format Version 12.00
# Visual Studio Version 16
VisualStudioVersion = 16.0.30114.105
MinimumVisualStudioVersion = 10.0.40219.1
Project("{FAE04EC0-301F-11D3-BF4B-00C04F79EFBC}") = "API", "API\API.csproj", "{FF1A564C-BAFC-4ABE-B23B-B6E90B313D90}"
EndProject
Project("{FAE04EC0-301F-11D3-BF4B-00C04F79EFBC}") = "Application", "Application\Application.csproj", "{AA67B61E-DF3E-4C83-890E-BC2C36D07349}"
EndProject
Project("{FAE04EC0-301F-11D3-BF4B-00C04F79EFBC}") = "Domain", "Domain\Domain.csproj", "{0BEBAB2A-FCC7-4F85-B1B6-9A32AF0D63A0}"
EndProject
Project("{FAE04EC0-301F-11D3-BF4B-00C04F79EFBC}") = "Persistence", "Persistence\Persistence.csproj", "{3513E6A6-79EF-4427-9C0B-AC3BF9CA32DC}"
EndProject
Global
	GlobalSection(SolutionConfigurationPlatforms) = preSolution
		Debug|Any CPU = Debug|Any CPU
		Debug|x64 = Debug|x64
		Debug|x86 = Debug|x86
		Release|Any CPU = Release|Any CPU
		Release|x64 = Release|x64
		Release|x86 = Release|x86
	EndGlobalSection
	GlobalSection(SolutionProperties) = preSolution
		HideSolutionNode = FALSE
	EndGlobalSection
	GlobalSection(ProjectConfigurationPlatforms) = postSolution
		{FF1A564C-BAFC-4ABE-B23B-B6E90B313D90}.Debug|Any CPU.ActiveCfg = Debug|Any CPU
		{FF1A564C-BAFC-4ABE-B23B-B6E90B313D90}.Debug|Any CPU.Build.0 = Debug|Any CPU
		{FF1A564C-BAFC-4ABE-B23B-B6E90B313D90}.Debug|x64.ActiveCfg = Debug|Any CPU
		{FF1A564C-BAFC-4ABE-B23B-B6E90B313D90}.Debug|x64.Build.0 = Debug|Any CPU
		{FF1A564C-BAFC-4ABE-B23B-B6E90B313D90}.Debug|x86.ActiveCfg = Debug|Any CPU
		{FF1A564C-BAFC-4ABE-B23B-B6E90B313D90}.Debug|x86.Build.0 = Debug|Any CPU
		{FF1A564C-BAFC-4ABE-B23B-B6E90B313D90}.Release|Any CPU.ActiveCfg = Release|Any CPU
		{FF1A564C-BAFC-4ABE-B23B-B6E90B313D90}.Release|Any CPU.Build.0 = Release|Any CPU
		{FF1A564C-BAFC-4ABE-B23B-B6E90B313D90}.Release|x64.ActiveCfg = Release|Any CPU
		{FF1A564C-BAFC-4ABE-B23B-B6E90B313D90}.Release|x64.Build.0 = Release|Any CPU
		{FF1A564C-BAFC-4ABE-B23B-B6E90B313D90}.Release|x86.ActiveCfg = Release|Any CPU
		{FF1A564C-BAFC-4ABE-B23B-B6E90B313D90}.Release|x86.Build.0 = Release|Any CPU
		{AA67B61E-DF3E-4C83-890E-BC2C36D07349}.Debug|Any CPU.ActiveCfg = Debug|Any CPU
		{AA67B61E-DF3E-4C83-890E-BC2C36D07349}.Debug|Any CPU.Build.0 = Debug|Any CPU
		{AA67B61E-DF3E-4C83-890E-BC2C36D07349}.Debug|x64.ActiveCfg = Debug|Any CPU
		{AA67B61E-DF3E-4C83-890E-BC2C36D07349}.Debug|x64.Build.0 = Debug|Any CPU
		{AA67B61E-DF3E-4C83-890E-BC2C36D07349}.Debug|x86.ActiveCfg = Debug|Any CPU
		{AA67B61E-DF3E-4C83-890E-BC2C36D07349}.Debug|x86.Build.0 = Debug|Any CPU
		{AA67B61E-DF3E-4C83-890E-BC2C36D07349}.Release|Any CPU.ActiveCfg = Release|Any CPU
		{AA67B61E-DF3E-4C83-890E-BC2C36D07349}.Release|Any CPU.Build.0 = Release|Any CPU
		{AA67B61E-DF3E-4C83-890E-BC2C36D07349}.Release|x64.ActiveCfg = Release|Any CPU
		{AA67B61E-DF3E-4C83-890E-BC2C36D07349}.Release|x64.Build.0 = Release|Any CPU
		{AA67B61E-DF3E-4C83-890E-BC2C36D07349}.Release|x86.ActiveCfg = Release|Any CPU
		{AA67B61E-DF3E-4C83-890E-BC2C36D07349}.Release|x86.Build.0 = Release|Any CPU
		{0BEBAB2A-FCC7-4F85-B1B6-9A32AF0D63A0}.Debug|Any CPU.ActiveCfg = Debug|Any CPU
		{0BEBAB2A-FCC7-4F85-B1B6-9A32AF0D63A0}.Debug|Any CPU.Build.0 = Debug|Any CPU
		{0BEBAB2A-FCC7-4F85-B1B6-9A32AF0D63A0}.Debug|x64.ActiveCfg = Debug|Any CPU
		{0BEBAB2A-FCC7-4F85-B1B6-9A32AF0D63A0}.Debug|x64.Build.0 = Debug|Any CPU
		{0BEBAB2A-FCC7-4F85-B1B6-9A32AF0D63A0}.Debug|x86.ActiveCfg = Debug|Any CPU
		{0BEBAB2A-FCC7-4F85-B1B6-9A32AF0D63A0}.Debug|x86.Build.0 = Debug|Any CPU
		{0BEBAB2A-FCC7-4F85-B1B6-9A32AF0D63A0}.Release|Any CPU.ActiveCfg = Release|Any CPU
		{0BEBAB2A-FCC7-4F85-B1B6-9A32AF0D63A0}.Release|Any CPU.Build.0 = Release|Any CPU
		{0BEBAB2A-FCC7-4F85-B1B6-9A32AF0D63A0}.Release|x64.ActiveCfg = Release|Any CPU
		{0BEBAB2A-FCC7-4F85-B1B6-9A32AF0D63A0}.Release|x64.Build.0 = Release|Any CPU
		{0BEBAB2A-FCC7-4F85-B1B6-9A32AF0D63A0}.Release|x86.ActiveCfg = Release|Any CPU
		{0BEBAB2A-FCC7-4F85-B1B6-9A32AF0D63A0}.Release|x86.Build.0 = Release|Any CPU
		{3513E6A6-79EF-4427-9C0B-AC3BF9CA32DC}.Debug|Any CPU.ActiveCfg = Debug|Any CPU
		{3513E6A6-79EF-4427-9C0B-AC3BF9CA32DC}.Debug|Any CPU.Build.0 = Debug|Any CPU
		{3513E6A6-79EF-4427-9C0B-AC3BF9CA32DC}.Debug|x64.ActiveCfg = Debug|Any CPU
		{3513E6A6-79EF-4427-9C0B-AC3BF9CA32DC}.Debug|x64.Build.0 = Debug|Any CPU
		{3513E6A6-79EF-4427-9C0B-AC3BF9CA32DC}.Debug|x86.ActiveCfg = Debug|Any CPU
		{3513E6A6-79EF-4427-9C0B-AC3BF9CA32DC}.Debug|x86.Build.0 = Debug|Any CPU
		{3513E6A6-79EF-4427-9C0B-AC3BF9CA32DC}.Release|Any CPU.ActiveCfg = Release|Any CPU
		{3513E6A6-79EF-4427-9C0B-AC3BF9CA32DC}.Release|Any CPU.Build.0 = Release|Any CPU
		{3513E6A6-79EF-4427-9C0B-AC3BF9CA32DC}.Release|x64.ActiveCfg = Release|Any CPU
		{3513E6A6-79EF-4427-9C0B-AC3BF9CA32DC}.Release|x64.Build.0 = Release|Any CPU
		{3513E6A6-79EF-4427-9C0B-AC3BF9CA32DC}.Release|x86.ActiveCfg = Release|Any CPU
		{3513E6A6-79EF-4427-9C0B-AC3BF9CA32DC}.Release|x86.Build.0 = Release|Any CPU
	EndGlobalSection
EndGlobal
